// !$*UTF8*$!
{
	archiveVersion = 1;
	classes = {
	};
	objectVersion = 46;
	objects = {

/* Begin PBXBuildFile section */
		2ED0720117875A0300DA2B7D /* Foundation.framework in Frameworks */ = {isa = PBXBuildFile; fileRef = 2ED0720017875A0300DA2B7D /* Foundation.framework */; };
		2ED0720417875A0300DA2B7D /* main.m in Sources */ = {isa = PBXBuildFile; fileRef = 2ED0720317875A0300DA2B7D /* main.m */; };
		2ED0720817875A0300DA2B7D /* notification.1 in CopyFiles */ = {isa = PBXBuildFile; fileRef = 2ED0720717875A0300DA2B7D /* notification.1 */; };
		2ED07210178760A900DA2B7D /* AppController.m in Sources */ = {isa = PBXBuildFile; fileRef = 2ED0720F178760A900DA2B7D /* AppController.m */; };
		2ED0721517888A9C00DA2B7D /* Cocoa.framework in Frameworks */ = {isa = PBXBuildFile; fileRef = 2ED0721417888A9C00DA2B7D /* Cocoa.framework */; };
		2ED072181788BEDD00DA2B7D /* NSBundle.m in Sources */ = {isa = PBXBuildFile; fileRef = 2ED072171788BEDD00DA2B7D /* NSBundle.m */; };
/* End PBXBuildFile section */

/* Begin PBXCopyFilesBuildPhase section */
		2ED071FB17875A0300DA2B7D /* CopyFiles */ = {
			isa = PBXCopyFilesBuildPhase;
			buildActionMask = 2147483647;
			dstPath = /usr/share/man/man1/;
			dstSubfolderSpec = 0;
			files = (
				2ED0720817875A0300DA2B7D /* notification.1 in CopyFiles */,
			);
			runOnlyForDeploymentPostprocessing = 1;
		};
/* End PBXCopyFilesBuildPhase section */

/* Begin PBXFileReference section */
		2ED071FD17875A0300DA2B7D /* notification */ = {isa = PBXFileReference; explicitFileType = "compiled.mach-o.executable"; includeInIndex = 0; path = notification; sourceTree = BUILT_PRODUCTS_DIR; };
		2ED0720017875A0300DA2B7D /* Foundation.framework */ = {isa = PBXFileReference; lastKnownFileType = wrapper.framework; name = Foundation.framework; path = System/Library/Frameworks/Foundation.framework; sourceTree = SDKROOT; };
		2ED0720317875A0300DA2B7D /* main.m */ = {isa = PBXFileReference; lastKnownFileType = sourcecode.c.objc; path = main.m; sourceTree = "<group>"; };
		2ED0720617875A0300DA2B7D /* notification-Prefix.pch */ = {isa = PBXFileReference; lastKnownFileType = sourcecode.c.h; path = "notification-Prefix.pch"; sourceTree = "<group>"; };
		2ED0720717875A0300DA2B7D /* notification.1 */ = {isa = PBXFileReference; lastKnownFileType = text.man; path = notification.1; sourceTree = "<group>"; };
		2ED0720E178760A900DA2B7D /* AppController.h */ = {isa = PBXFileReference; fileEncoding = 4; lastKnownFileType = sourcecode.c.h; path = AppController.h; sourceTree = "<group>"; };
		2ED0720F178760A900DA2B7D /* AppController.m */ = {isa = PBXFileReference; fileEncoding = 4; lastKnownFileType = sourcecode.c.objc; path = AppController.m; sourceTree = "<group>"; };
		2ED0721417888A9C00DA2B7D /* Cocoa.framework */ = {isa = PBXFileReference; lastKnownFileType = wrapper.framework; name = Cocoa.framework; path = System/Library/Frameworks/Cocoa.framework; sourceTree = SDKROOT; };
		2ED072161788BEDD00DA2B7D /* NSBundle.h */ = {isa = PBXFileReference; fileEncoding = 4; lastKnownFileType = sourcecode.c.h; path = NSBundle.h; sourceTree = "<group>"; };
		2ED072171788BEDD00DA2B7D /* NSBundle.m */ = {isa = PBXFileReference; fileEncoding = 4; lastKnownFileType = sourcecode.c.objc; path = NSBundle.m; sourceTree = "<group>"; };
/* End PBXFileReference section */

/* Begin PBXFrameworksBuildPhase section */
		2ED071FA17875A0300DA2B7D /* Frameworks */ = {
			isa = PBXFrameworksBuildPhase;
			buildActionMask = 2147483647;
			files = (
				2ED0721517888A9C00DA2B7D /* Cocoa.framework in Frameworks */,
				2ED0720117875A0300DA2B7D /* Foundation.framework in Frameworks */,
			);
			runOnlyForDeploymentPostprocessing = 0;
		};
/* End PBXFrameworksBuildPhase section */

/* Begin PBXGroup section */
		2ED071F417875A0300DA2B7D = {
			isa = PBXGroup;
			children = (
				2ED0721417888A9C00DA2B7D /* Cocoa.framework */,
				2ED0720217875A0300DA2B7D /* notification */,
				2ED071FF17875A0300DA2B7D /* Frameworks */,
				2ED071FE17875A0300DA2B7D /* Products */,
			);
			sourceTree = "<group>";
		};
		2ED071FE17875A0300DA2B7D /* Products */ = {
			isa = PBXGroup;
			children = (
				2ED071FD17875A0300DA2B7D /* notification */,
			);
			name = Products;
			sourceTree = "<group>";
		};
		2ED071FF17875A0300DA2B7D /* Frameworks */ = {
			isa = PBXGroup;
			children = (
				2ED0720017875A0300DA2B7D /* Foundation.framework */,
			);
			name = Frameworks;
			sourceTree = "<group>";
		};
		2ED0720217875A0300DA2B7D /* notification */ = {
			isa = PBXGroup;
			children = (
				2ED0720317875A0300DA2B7D /* main.m */,
				2ED0720717875A0300DA2B7D /* notification.1 */,
				2ED0720517875A0300DA2B7D /* Supporting Files */,
				2ED0720E178760A900DA2B7D /* AppController.h */,
				2ED0720F178760A900DA2B7D /* AppController.m */,
				2ED072161788BEDD00DA2B7D /* NSBundle.h */,
				2ED072171788BEDD00DA2B7D /* NSBundle.m */,
			);
			path = notification;
			sourceTree = "<group>";
		};
		2ED0720517875A0300DA2B7D /* Supporting Files */ = {
			isa = PBXGroup;
			children = (
				2ED0720617875A0300DA2B7D /* notification-Prefix.pch */,
			);
			name = "Supporting Files";
			sourceTree = "<group>";
		};
/* End PBXGroup section */

/* Begin PBXNativeTarget section */
		2ED071FC17875A0300DA2B7D /* notification */ = {
			isa = PBXNativeTarget;
			buildConfigurationList = 2ED0720B17875A0300DA2B7D /* Build configuration list for PBXNativeTarget "notification" */;
			buildPhases = (
				2ED071F917875A0300DA2B7D /* Sources */,
				2ED071FA17875A0300DA2B7D /* Frameworks */,
				2ED071FB17875A0300DA2B7D /* CopyFiles */,
			);
			buildRules = (
			);
			dependencies = (
			);
			name = notification;
			productName = notification;
			productReference = 2ED071FD17875A0300DA2B7D /* notification */;
			productType = "com.apple.product-type.tool";
		};
/* End PBXNativeTarget section */

/* Begin PBXProject section */
		2ED071F517875A0300DA2B7D /* Project object */ = {
			isa = PBXProject;
			attributes = {
				LastUpgradeCheck = 0460;
				ORGANIZATIONNAME = "Petter Rasmussen";
			};
			buildConfigurationList = 2ED071F817875A0300DA2B7D /* Build configuration list for PBXProject "notification" */;
			compatibilityVersion = "Xcode 3.2";
			developmentRegion = English;
			hasScannedForEncodings = 0;
			knownRegions = (
				en,
			);
			mainGroup = 2ED071F417875A0300DA2B7D;
			productRefGroup = 2ED071FE17875A0300DA2B7D /* Products */;
			projectDirPath = "";
			projectRoot = "";
			targets = (
				2ED071FC17875A0300DA2B7D /* notification */,
			);
		};
/* End PBXProject section */

/* Begin PBXSourcesBuildPhase section */
		2ED071F917875A0300DA2B7D /* Sources */ = {
			isa = PBXSourcesBuildPhase;
			buildActionMask = 2147483647;
			files = (
				2ED0720417875A0300DA2B7D /* main.m in Sources */,
				2ED07210178760A900DA2B7D /* AppController.m in Sources */,
				2ED072181788BEDD00DA2B7D /* NSBundle.m in Sources */,
			);
			runOnlyForDeploymentPostprocessing = 0;
		};
/* End PBXSourcesBuildPhase section */

/* Begin XCBuildConfiguration section */
		2ED0720917875A0300DA2B7D /* Debug */ = {
			isa = XCBuildConfiguration;
			buildSettings = {
				ALWAYS_SEARCH_USER_PATHS = NO;
				ARCHS = "$(ARCHS_STANDARD_64_BIT)";
				CLANG_CXX_LANGUAGE_STANDARD = "gnu++0x";
				CLANG_CXX_LIBRARY = "libc++";
				CLANG_WARN_CONSTANT_CONVERSION = YES;
				CLANG_WARN_EMPTY_BODY = YES;
				CLANG_WARN_ENUM_CONVERSION = YES;
				CLANG_WARN_INT_CONVERSION = YES;
				CLANG_WARN__DUPLICATE_METHOD_MATCH = YES;
				COPY_PHASE_STRIP = NO;
				GCC_C_LANGUAGE_STANDARD = gnu99;
				GCC_DYNAMIC_NO_PIC = NO;
				GCC_ENABLE_OBJC_EXCEPTIONS = YES;
				GCC_OPTIMIZATION_LEVEL = 0;
				GCC_PREPROCESSOR_DEFINITIONS = (
					"DEBUG=1",
					"$(inherited)",
				);
				GCC_SYMBOLS_PRIVATE_EXTERN = NO;
				GCC_WARN_64_TO_32_BIT_CONVERSION = YES;
				GCC_WARN_ABOUT_RETURN_TYPE = YES;
				GCC_WARN_UNINITIALIZED_AUTOS = YES;
				GCC_WARN_UNUSED_VARIABLE = YES;
				MACOSX_DEPLOYMENT_TARGET = 10.8;
				ONLY_ACTIVE_ARCH = YES;
				SDKROOT = macosx;
			};
			name = Debug;
		};
		2ED0720A17875A0300DA2B7D /* Release */ = {
			isa = XCBuildConfiguration;
			buildSettings = {
				ALWAYS_SEARCH_USER_PATHS = NO;
				ARCHS = "$(ARCHS_STANDARD_64_BIT)";
				CLANG_CXX_LANGUAGE_STANDARD = "gnu++0x";
				CLANG_CXX_LIBRARY = "libc++";
				CLANG_WARN_CONSTANT_CONVERSION = YES;
				CLANG_WARN_EMPTY_BODY = YES;
				CLANG_WARN_ENUM_CONVERSION = YES;
				CLANG_WARN_INT_CONVERSION = YES;
				CLANG_WARN__DUPLICATE_METHOD_MATCH = YES;
				COPY_PHASE_STRIP = YES;
				DEBUG_INFORMATION_FORMAT = "dwarf-with-dsym";
				GCC_C_LANGUAGE_STANDARD = gnu99;
				GCC_ENABLE_OBJC_EXCEPTIONS = YES;
				GCC_WARN_64_TO_32_BIT_CONVERSION = YES;
				GCC_WARN_ABOUT_RETURN_TYPE = YES;
				GCC_WARN_UNINITIALIZED_AUTOS = YES;
				GCC_WARN_UNUSED_VARIABLE = YES;
				MACOSX_DEPLOYMENT_TARGET = 10.8;
				SDKROOT = macosx;
			};
			name = Release;
		};
		2ED0720C17875A0300DA2B7D /* Debug */ = {
			isa = XCBuildConfiguration;
			buildSettings = {
				GCC_PRECOMPILE_PREFIX_HEADER = YES;
				GCC_PREFIX_HEADER = "notification/notification-Prefix.pch";
				PRODUCT_NAME = "$(TARGET_NAME)";
			};
			name = Debug;
		};
		2ED0720D17875A0300DA2B7D /* Release */ = {
			isa = XCBuildConfiguration;
			buildSettings = {
				GCC_PRECOMPILE_PREFIX_HEADER = YES;
				GCC_PREFIX_HEADER = "notification/notification-Prefix.pch";
				PRODUCT_NAME = "$(TARGET_NAME)";
			};
			name = Release;
		};
/* End XCBuildConfiguration section */

/* Begin XCConfigurationList section */
		2ED071F817875A0300DA2B7D /* Build configuration list for PBXProject "notification" */ = {
			isa = XCConfigurationList;
			buildConfigurations = (
				2ED0720917875A0300DA2B7D /* Debug */,
				2ED0720A17875A0300DA2B7D /* Release */,
			);
			defaultConfigurationIsVisible = 0;
			defaultConfigurationName = Release;
		};
		2ED0720B17875A0300DA2B7D /* Build configuration list for PBXNativeTarget "notification" */ = {
			isa = XCConfigurationList;
			buildConfigurations = (
				2ED0720C17875A0300DA2B7D /* Debug */,
				2ED0720D17875A0300DA2B7D /* Release */,
			);
			defaultConfigurationIsVisible = 0;
		};
/* End XCConfigurationList section */
	};
	rootObject = 2ED071F517875A0300DA2B7D /* Project object */;
}
